
Microsoft Visual Studio Solution File, Format Version 12.00
# Visual Studio Version 16
VisualStudioVersion = 16.0.32126.315
MinimumVisualStudioVersion = 10.0.40219.1
Project("{FAE04EC0-301F-11D3-BF4B-00C04F79EFBC}") = "MyCalcLib", "MyCalcLib\MyCalcLib.csproj", "{C809581A-827F-4E0E-A7E7-475B7BDF8DE5}"
EndProject
Project("{FAE04EC0-301F-11D3-BF4B-00C04F79EFBC}") = "MyCalcLib.Tests", "MyCalcLib.Tests\MyCalcLib.Tests.csproj", "{70336E55-3B07-4797-93FB-FC1B5BCF8E8E}"
EndProject
Global
	GlobalSection(SolutionConfigurationPlatforms) = preSolution
		Debug|Any CPU = Debug|Any CPU
		Release|Any CPU = Release|Any CPU
	EndGlobalSection
	GlobalSection(ProjectConfigurationPlatforms) = postSolution
		{C809581A-827F-4E0E-A7E7-475B7BDF8DE5}.Debug|Any CPU.ActiveCfg = Debug|Any CPU
		{C809581A-827F-4E0E-A7E7-475B7BDF8DE5}.Debug|Any CPU.Build.0 = Debug|Any CPU
		{C809581A-827F-4E0E-A7E7-475B7BDF8DE5}.Release|Any CPU.ActiveCfg = Release|Any CPU
		{C809581A-827F-4E0E-A7E7-475B7BDF8DE5}.Release|Any CPU.Build.0 = Release|Any CPU
		{70336E55-3B07-4797-93FB-FC1B5BCF8E8E}.Debug|Any CPU.ActiveCfg = Debug|Any CPU
		{70336E55-3B07-4797-93FB-FC1B5BCF8E8E}.Debug|Any CPU.Build.0 = Debug|Any CPU
		{70336E55-3B07-4797-93FB-FC1B5BCF8E8E}.Release|Any CPU.ActiveCfg = Release|Any CPU
		{70336E55-3B07-4797-93FB-FC1B5BCF8E8E}.Release|Any CPU.Build.0 = Release|Any CPU
	EndGlobalSection
	GlobalSection(SolutionProperties) = preSolution
		HideSolutionNode = FALSE
	EndGlobalSection
	GlobalSection(ExtensibilityGlobals) = postSolution
		SolutionGuid = {ABB2419D-950B-4C20-B5E3-C1A7A29FD728}
	EndGlobalSection
EndGlobal
